
Microsoft Visual Studio Solution File, Format Version 12.00
# Visual Studio Version 16
VisualStudioVersion = 16.0.30225.117
MinimumVisualStudioVersion = 10.0.40219.1
Project("{FAE04EC0-301F-11D3-BF4B-00C04F79EFBC}") = "FoodDeliveryLibrary", "FoodDeliveryLibrary\FoodDeliveryLibrary.csproj", "{D4AC2157-F1A8-4FC7-8BFD-96EFFEDC15FA}"
EndProject
Project("{FAE04EC0-301F-11D3-BF4B-00C04F79EFBC}") = "FoodDeliveryUI", "FoodDeliveryUI\FoodDeliveryUI.csproj", "{01B77EA4-6BE4-4FE5-BE01-F79FB9492B1E}"
EndProject
Global
	GlobalSection(SolutionConfigurationPlatforms) = preSolution
		Debug|Any CPU = Debug|Any CPU
		Release|Any CPU = Release|Any CPU
	EndGlobalSection
	GlobalSection(ProjectConfigurationPlatforms) = postSolution
		{D4AC2157-F1A8-4FC7-8BFD-96EFFEDC15FA}.Debug|Any CPU.ActiveCfg = Debug|Any CPU
		{D4AC2157-F1A8-4FC7-8BFD-96EFFEDC15FA}.Debug|Any CPU.Build.0 = Debug|Any CPU
		{D4AC2157-F1A8-4FC7-8BFD-96EFFEDC15FA}.Release|Any CPU.ActiveCfg = Release|Any CPU
		{D4AC2157-F1A8-4FC7-8BFD-96EFFEDC15FA}.Release|Any CPU.Build.0 = Release|Any CPU
		{01B77EA4-6BE4-4FE5-BE01-F79FB9492B1E}.Debug|Any CPU.ActiveCfg = Debug|Any CPU
		{01B77EA4-6BE4-4FE5-BE01-F79FB9492B1E}.Debug|Any CPU.Build.0 = Debug|Any CPU
		{01B77EA4-6BE4-4FE5-BE01-F79FB9492B1E}.Release|Any CPU.ActiveCfg = Release|Any CPU
		{01B77EA4-6BE4-4FE5-BE01-F79FB9492B1E}.Release|Any CPU.Build.0 = Release|Any CPU
	EndGlobalSection
	GlobalSection(SolutionProperties) = preSolution
		HideSolutionNode = FALSE
	EndGlobalSection
	GlobalSection(ExtensibilityGlobals) = postSolution
		SolutionGuid = {516BB8E0-A69C-4F27-B818-A3CB1D65F309}
	EndGlobalSection
EndGlobal
